
Microsoft Visual Studio Solution File, Format Version 12.00
# Visual Studio 15
VisualStudioVersion = 15.0.28307.960
MinimumVisualStudioVersion = 10.0.40219.1
Project("{FAE04EC0-301F-11D3-BF4B-00C04F79EFBC}") = "ClassKurs_UI", "ClassKurs_UI\ClassKurs_UI.csproj", "{CF0931A9-D764-437F-821A-910C155CE460}"
EndProject
Project("{FAE04EC0-301F-11D3-BF4B-00C04F79EFBC}") = "Classes", "Classes\Classes.csproj", "{CE2C3E55-9336-4510-A3E0-FEDBAFBE4AA0}"
EndProject
Global
	GlobalSection(SolutionConfigurationPlatforms) = preSolution
		Debug|Any CPU = Debug|Any CPU
		Release|Any CPU = Release|Any CPU
	EndGlobalSection
	GlobalSection(ProjectConfigurationPlatforms) = postSolution
		{CF0931A9-D764-437F-821A-910C155CE460}.Debug|Any CPU.ActiveCfg = Debug|Any CPU
		{CF0931A9-D764-437F-821A-910C155CE460}.Debug|Any CPU.Build.0 = Debug|Any CPU
		{CF0931A9-D764-437F-821A-910C155CE460}.Release|Any CPU.ActiveCfg = Release|Any CPU
		{CF0931A9-D764-437F-821A-910C155CE460}.Release|Any CPU.Build.0 = Release|Any CPU
		{CE2C3E55-9336-4510-A3E0-FEDBAFBE4AA0}.Debug|Any CPU.ActiveCfg = Debug|Any CPU
		{CE2C3E55-9336-4510-A3E0-FEDBAFBE4AA0}.Debug|Any CPU.Build.0 = Debug|Any CPU
		{CE2C3E55-9336-4510-A3E0-FEDBAFBE4AA0}.Release|Any CPU.ActiveCfg = Release|Any CPU
		{CE2C3E55-9336-4510-A3E0-FEDBAFBE4AA0}.Release|Any CPU.Build.0 = Release|Any CPU
	EndGlobalSection
	GlobalSection(SolutionProperties) = preSolution
		HideSolutionNode = FALSE
	EndGlobalSection
	GlobalSection(ExtensibilityGlobals) = postSolution
		SolutionGuid = {0B1B50B4-9715-4FBF-9572-E47CDA4F145B}
	EndGlobalSection
EndGlobal
